Microsoft Visual Studio Solution File, Format Version 11.00
# Visual Studio 2008

Project("{3CB85F49-FDC6-C237-901E-2BB482AC4B9B}") = "NewUnityProject", "Assembly-CSharp-vs.csproj", "{DBF3B2E1-0D90-2909-F21E-611088EAA85D}"
EndProject
Global
	GlobalSection(SolutionConfigurationPlatforms) = preSolution
		Debug|Any CPU = Debug|Any CPU
		Release|Any CPU = Release|Any CPU
	EndGlobalSection
	GlobalSection(ProjectConfigurationPlatforms) = postSolution
		{DBF3B2E1-0D90-2909-F21E-611088EAA85D}.Debug|Any CPU.ActiveCfg = Debug|Any CPU
		{DBF3B2E1-0D90-2909-F21E-611088EAA85D}.Debug|Any CPU.Build.0 = Debug|Any CPU
		{DBF3B2E1-0D90-2909-F21E-611088EAA85D}.Release|Any CPU.ActiveCfg = Release|Any CPU
		{DBF3B2E1-0D90-2909-F21E-611088EAA85D}.Release|Any CPU.Build.0 = Release|Any CPU
	EndGlobalSection
	GlobalSection(SolutionProperties) = preSolution
		HideSolutionNode = FALSE
	EndGlobalSection
									GlobalSection(MonoDevelopProperties) = preSolution
<<<<<<< HEAD
=======
=======
				GlobalSection(MonoDevelopProperties) = preSolution
>>>>>>> 4cd09e679cf19e2de14487b63eb26bb6b818ce91
=======
					GlobalSection(MonoDevelopProperties) = preSolution
>>>>>>> 2cfd05101f30cb7f47060363847cb46d0e1f94c7
>>>>>>> 2fc08a05689d6c8d00d87a14dc6e1efdc4ede581
		StartupItem = Assembly-CSharp.csproj
		Policies = $0
		$0.TextStylePolicy = $1
		$1.inheritsSet = null
		$1.scope = text/x-csharp
		$0.CSharpFormattingPolicy = $2
		$2.inheritsSet = Mono
		$2.inheritsScope = text/x-csharp
		$2.scope = text/x-csharp
		$0.TextStylePolicy = $3
		$3.FileWidth = 120
		$3.TabWidth = 4
		$3.EolMarker = Unix
		$3.inheritsSet = Mono
		$3.inheritsScope = text/plain
		$3.scope = text/plain
	EndGlobalSection

EndGlobal
